{"filter":false,"title":"Gemfile.lock","tooltip":"/sample_app/Gemfile.lock","undoManager":{"mark":-1,"position":-1,"stack":[]},"ace":{"folds":[],"scrolltop":1433,"scrollleft":0,"selection":{"start":{"row":15,"column":31},"end":{"row":15,"column":31},"isBackwards":false},"options":{"guessTabSize":true,"useWrapMode":false,"wrapToView":true},"firstLineState":{"row":101,"state":"start","mode":"ace/mode/text"}},"timestamp":1475475702409,"hash":"64ae820d2079b1392c7ff69e91e6d39198bfa4cc"}